<?xml version="1.0" encoding="utf-8"?>
<Project xmlns="http://schemas.microsoft.com/developer/msbuild/2003">
  <ItemGroup>
    <Filter Include="Headers">
      <UniqueIdentifier>{23523C20-4989-4C68-89A6-7BA9BF8B39D9}</UniqueIdentifier>
      <Extensions>h;hpp;hxx;hm;inl;inc;xsd</Extensions>
    </Filter>
    <Filter Include="Source">
      <UniqueIdentifier>{8F8F2ED7-414A-457A-B794-716E6B3A8568}</UniqueIdentifier>
      <Extensions>cpp;c;cxx;def;odl;idl;hpj;bat;asm;asmx</Extensions>
    </Filter>
  </ItemGroup>
  <ItemGroup>
    <ClInclude Include="scoped_lib.hpp">
      <Filter>Headers</Filter>
    </ClInclude>
    <ClInclude Include="wsi.hpp">
      <Filter>Headers</Filter>
    </ClInclude>
  </ItemGroup>
  <ItemGroup>
    <ClCompile Include="scoped_lib.cpp">
      <Filter>Source</Filter>
    </ClCompile>
  </ItemGroup>
</Project>