<?xml version="1.0" encoding="utf-8"?>
<Project xmlns="http://schemas.microsoft.com/developer/msbuild/2003">
  <ItemGroup>
    <Filter Include="Headers">
      <UniqueIdentifier>{71ED8ED8-ACB9-4CE9-BBE1-E00B30144E11}</UniqueIdentifier>
      <Extensions>h;hpp;hxx;hm;inl;inc;xsd</Extensions>
    </Filter>
    <Filter Include="Source">
      <UniqueIdentifier>{47260cc0-86d0-44fa-b11a-4c6c2aef3a78}</UniqueIdentifier>
      <Extensions>cpp;c;cxx;def;odl;idl;hpj;bat;asm;asmx</Extensions>
    </Filter>
    <Filter Include="Moc">
      <UniqueIdentifier>{D60016DE-217F-44BD-A663-920D33D0F643}</UniqueIdentifier>
      <Extensions>cpp;c;cxx;moc;h;def;odl;idl;res;</Extensions>
    </Filter>
  </ItemGroup>
  <ItemGroup>
    <ClCompile Include="bios.cpp">
      <Filter>Source</Filter>
    </ClCompile>
    <ClCompile Include="gamelistwidget.cpp">
      <Filter>Source</Filter>
    </ClCompile>
    <ClCompile Include="emuwindow.cpp">
      <Filter>Source</Filter>
    </ClCompile>
    <ClCompile Include="emuthread.cpp">
      <Filter>Source</Filter>
    </ClCompile>
    <ClCompile Include="renderwidget.cpp">
      <Filter>Source</Filter>
    </ClCompile>
    <ClCompile Include="settingswindow.cpp">
      <Filter>Source</Filter>
    </ClCompile>
    <ClCompile Include="settings.cpp">
      <Filter>Source</Filter>
    </ClCompile>
    <ClCompile Include="main.cpp">
      <Filter>Source</Filter>
    </ClCompile>
  </ItemGroup>
  <ItemGroup>
    <ClInclude Include="bios.hpp">
      <Filter>Headers</Filter>
    </ClInclude>
  </ItemGroup>
  <ItemGroup>
    <QtMoc Include="renderwidget.hpp">
      <Filter>Headers</Filter>
    </QtMoc>
    <QtMoc Include="settingswindow.hpp">
      <Filter>Headers</Filter>
    </QtMoc>
    <QtMoc Include="emuthread.hpp">
      <Filter>Headers</Filter>
    </QtMoc>
    <QtMoc Include="emuwindow.hpp">
      <Filter>Headers</Filter>
    </QtMoc>
    <QtMoc Include="settings.hpp">
      <Filter>Headers</Filter>
    </QtMoc>
    <QtMoc Include="gamelistwidget.hpp">
      <Filter>Headers</Filter>
    </QtMoc>
  </ItemGroup>
  <ItemGroup>
    <ClCompile Include="$(QtToolOutDir)moc_emuthread.cpp">
      <Filter>Moc</Filter>
    </ClCompile>
    <ClCompile Include="$(QtToolOutDir)moc_emuwindow.cpp">
      <Filter>Moc</Filter>
    </ClCompile>
    <ClCompile Include="$(QtToolOutDir)moc_gamelistwidget.cpp">
      <Filter>Moc</Filter>
    </ClCompile>
    <ClCompile Include="$(QtToolOutDir)moc_renderwidget.cpp">
      <Filter>Moc</Filter>
    </ClCompile>
    <ClCompile Include="$(QtToolOutDir)moc_settings.cpp">
      <Filter>Moc</Filter>
    </ClCompile>
    <ClCompile Include="$(QtToolOutDir)moc_settingswindow.cpp">
      <Filter>Moc</Filter>
    </ClCompile>
  </ItemGroup>
</Project>